# This file is autogenerated, do not edit; changes may be undone by the next 'dep ensure'.


[[projects]]
  branch = "master"
  name = "github.com/google/go-querystring"
  packages = ["query"]
  revision = "53e6ce116135b80d037921a7fdd5138cf32d7a8a"

[[projects]]
  branch = "master"
  name = "github.com/oracle/bmcs-go-sdk"
  packages = ["."]
  revision = "8bd0f941051cb0b148782b962b81b5d4f510f30a"

[[projects]]
  branch = "master"
  name = "k8s.io/apimachinery"
  packages = ["pkg/util/errors","pkg/util/sets","pkg/util/validation/field"]
  revision = "3b05bbfa0a45413bfa184edbf9af617e277962fb"

[[projects]]
  branch = "master"
  name = "k8s.io/utils"
  packages = ["exec"]
  revision = "4fe312863be2155a7b68acd2aff1c9221b24e68c"

[solve-meta]
  analyzer-name = "dep"
  analyzer-version = 1
  inputs-digest = "3d467d1184f123234ccae0c8743ff61e4f42a8665b595ce284f9fc603b7c398f"
  solver-name = "gps-cdcl"
  solver-version = 1
