# This file is autogenerated, do not edit; changes may be undone by the next 'dep ensure'.


[[projects]]
  name = "github.com/oracle/oci-go-sdk"
  packages = [
    "common",
    "core"
  ]
  revision = "bc848a8a59b995b3b81790ece9e6c61b6ac6aba8"
  version = "v1.5.0"

[[projects]]
  name = "gopkg.in/yaml.v2"
  packages = ["."]
  revision = "5420a8b6744d3b0345ab293f6fcba19c978f1183"
  version = "v2.2.1"

[[projects]]
  branch = "master"
  name = "k8s.io/apimachinery"
  packages = [
    "pkg/util/errors",
    "pkg/util/sets",
    "pkg/util/validation/field"
  ]
  revision = "d3a2c12799ab9db57db937746b671a1594aad117"

[[projects]]
  branch = "master"
  name = "k8s.io/utils"
  packages = ["exec"]
  revision = "258e2a2fa64568210fbd6267cf1d8fd87c3cb86e"

[solve-meta]
  analyzer-name = "dep"
  analyzer-version = 1
  inputs-digest = "45af2d52a05d3f8ef7529208b13076d8394d137043342599e73885dcb559d022"
  solver-name = "gps-cdcl"
  solver-version = 1
