# This file is autogenerated, do not edit; changes may be undone by the next 'dep ensure'.


[[projects]]
  branch = "master"
  name = "github.com/oracle/oci-go-sdk"
  packages = ["common","core"]
  revision = "52acb91a0461799f2b920b986c6d492364a68ae1"

[[projects]]
  branch = "v2"
  name = "gopkg.in/yaml.v2"
  packages = ["."]
  revision = "eb3733d160e74a9c7e442f435eb3bea458e1d19f"

[[projects]]
  branch = "master"
  name = "k8s.io/apimachinery"
  packages = ["pkg/util/errors","pkg/util/sets","pkg/util/validation/field"]
  revision = "3b05bbfa0a45413bfa184edbf9af617e277962fb"

[[projects]]
  branch = "master"
  name = "k8s.io/utils"
  packages = ["exec"]
  revision = "4fe312863be2155a7b68acd2aff1c9221b24e68c"

[solve-meta]
  analyzer-name = "dep"
  analyzer-version = 1
  inputs-digest = "e04a6cc228875184d07d1fbdad2a6bd8ec8fdfc4f723e17138536095cdcaffd7"
  solver-name = "gps-cdcl"
  solver-version = 1
